
Microsoft Visual Studio Solution File, Format Version 12.00
# Visual Studio Version 17
VisualStudioVersion = 17.3.32929.385
MinimumVisualStudioVersion = 10.0.40219.1
Project("{FAE04EC0-301F-11D3-BF4B-00C04F79EFBC}") = "GenericSample", "GenericSample.csproj", "{EE9A844E-DED2-46A5-8127-F2DE6679234F}"
EndProject
Global
	GlobalSection(SolutionConfigurationPlatforms) = preSolution
		Debug|Any CPU = Debug|Any CPU
		Release|Any CPU = Release|Any CPU
	EndGlobalSection
	GlobalSection(ProjectConfigurationPlatforms) = postSolution
		{EE9A844E-DED2-46A5-8127-F2DE6679234F}.Debug|Any CPU.ActiveCfg = Debug|Any CPU
		{EE9A844E-DED2-46A5-8127-F2DE6679234F}.Debug|Any CPU.Build.0 = Debug|Any CPU
		{EE9A844E-DED2-46A5-8127-F2DE6679234F}.Release|Any CPU.ActiveCfg = Release|Any CPU
		{EE9A844E-DED2-46A5-8127-F2DE6679234F}.Release|Any CPU.Build.0 = Release|Any CPU
	EndGlobalSection
	GlobalSection(SolutionProperties) = preSolution
		HideSolutionNode = FALSE
	EndGlobalSection
	GlobalSection(ExtensibilityGlobals) = postSolution
		SolutionGuid = {77095F77-26D2-40CA-B2CD-DADA8429D806}
	EndGlobalSection
EndGlobal
